// !$*UTF8*$!
{
	archiveVersion = 1;
	classes = {
	};
	objectVersion = 46;
	objects = {

/* Begin PBXBuildFile section */
		31A6E10C1F1AABA100F3A2D4 /* AppDelegate.swift in Sources */ = {isa = PBXBuildFile; fileRef = 31A6E10B1F1AABA100F3A2D4 /* AppDelegate.swift */; };
		31A6E10E1F1AABA100F3A2D4 /* ViewController.swift in Sources */ = {isa = PBXBuildFile; fileRef = 31A6E10D1F1AABA100F3A2D4 /* ViewController.swift */; };
		31A6E1111F1AABA100F3A2D4 /* Main.storyboard in Resources */ = {isa = PBXBuildFile; fileRef = 31A6E10F1F1AABA100F3A2D4 /* Main.storyboard */; };
		31A6E1131F1AABA100F3A2D4 /* Assets.xcassets in Resources */ = {isa = PBXBuildFile; fileRef = 31A6E1121F1AABA100F3A2D4 /* Assets.xcassets */; };
		31A6E1161F1AABA100F3A2D4 /* LaunchScreen.storyboard in Resources */ = {isa = PBXBuildFile; fileRef = 31A6E1141F1AABA100F3A2D4 /* LaunchScreen.storyboard */; };
		31A6E1211F1AABA100F3A2D4 /* QuizTests.swift in Sources */ = {isa = PBXBuildFile; fileRef = 31A6E1201F1AABA100F3A2D4 /* QuizTests.swift */; };
		31A6E12C1F1AABA100F3A2D4 /* QuizUITests.swift in Sources */ = {isa = PBXBuildFile; fileRef = 31A6E12B1F1AABA100F3A2D4 /* QuizUITests.swift */; };
/* End PBXBuildFile section */

/* Begin PBXContainerItemProxy section */
		31A6E11D1F1AABA100F3A2D4 /* PBXContainerItemProxy */ = {
			isa = PBXContainerItemProxy;
			containerPortal = 31A6E1001F1AABA100F3A2D4 /* Project object */;
			proxyType = 1;
			remoteGlobalIDString = 31A6E1071F1AABA100F3A2D4;
			remoteInfo = Quiz;
		};
		31A6E1281F1AABA100F3A2D4 /* PBXContainerItemProxy */ = {
			isa = PBXContainerItemProxy;
			containerPortal = 31A6E1001F1AABA100F3A2D4 /* Project object */;
			proxyType = 1;
			remoteGlobalIDString = 31A6E1071F1AABA100F3A2D4;
			remoteInfo = Quiz;
		};
/* End PBXContainerItemProxy section */

/* Begin PBXFileReference section */
		31A6E1081F1AABA100F3A2D4 /* Quiz.app */ = {isa = PBXFileReference; explicitFileType = wrapper.application; includeInIndex = 0; path = Quiz.app; sourceTree = BUILT_PRODUCTS_DIR; };
		31A6E10B1F1AABA100F3A2D4 /* AppDelegate.swift */ = {isa = PBXFileReference; lastKnownFileType = sourcecode.swift; path = AppDelegate.swift; sourceTree = "<group>"; };
		31A6E10D1F1AABA100F3A2D4 /* ViewController.swift */ = {isa = PBXFileReference; lastKnownFileType = sourcecode.swift; path = ViewController.swift; sourceTree = "<group>"; };
		31A6E1101F1AABA100F3A2D4 /* Base */ = {isa = PBXFileReference; lastKnownFileType = file.storyboard; name = Base; path = Base.lproj/Main.storyboard; sourceTree = "<group>"; };
		31A6E1121F1AABA100F3A2D4 /* Assets.xcassets */ = {isa = PBXFileReference; lastKnownFileType = folder.assetcatalog; path = Assets.xcassets; sourceTree = "<group>"; };
		31A6E1151F1AABA100F3A2D4 /* Base */ = {isa = PBXFileReference; lastKnownFileType = file.storyboard; name = Base; path = Base.lproj/LaunchScreen.storyboard; sourceTree = "<group>"; };
		31A6E1171F1AABA100F3A2D4 /* Info.plist */ = {isa = PBXFileReference; lastKnownFileType = text.plist.xml; path = Info.plist; sourceTree = "<group>"; };
		31A6E11C1F1AABA100F3A2D4 /* QuizTests.xctest */ = {isa = PBXFileReference; explicitFileType = wrapper.cfbundle; includeInIndex = 0; path = QuizTests.xctest; sourceTree = BUILT_PRODUCTS_DIR; };
		31A6E1201F1AABA100F3A2D4 /* QuizTests.swift */ = {isa = PBXFileReference; lastKnownFileType = sourcecode.swift; path = QuizTests.swift; sourceTree = "<group>"; };
		31A6E1221F1AABA100F3A2D4 /* Info.plist */ = {isa = PBXFileReference; lastKnownFileType = text.plist.xml; path = Info.plist; sourceTree = "<group>"; };
		31A6E1271F1AABA100F3A2D4 /* QuizUITests.xctest */ = {isa = PBXFileReference; explicitFileType = wrapper.cfbundle; includeInIndex = 0; path = QuizUITests.xctest; sourceTree = BUILT_PRODUCTS_DIR; };
		31A6E12B1F1AABA100F3A2D4 /* QuizUITests.swift */ = {isa = PBXFileReference; lastKnownFileType = sourcecode.swift; path = QuizUITests.swift; sourceTree = "<group>"; };
		31A6E12D1F1AABA100F3A2D4 /* Info.plist */ = {isa = PBXFileReference; lastKnownFileType = text.plist.xml; path = Info.plist; sourceTree = "<group>"; };
/* End PBXFileReference section */

/* Begin PBXFrameworksBuildPhase section */
		31A6E1051F1AABA100F3A2D4 /* Frameworks */ = {
			isa = PBXFrameworksBuildPhase;
			buildActionMask = 2147483647;
			files = (
			);
			runOnlyForDeploymentPostprocessing = 0;
		};
		31A6E1191F1AABA100F3A2D4 /* Frameworks */ = {
			isa = PBXFrameworksBuildPhase;
			buildActionMask = 2147483647;
			files = (
			);
			runOnlyForDeploymentPostprocessing = 0;
		};
		31A6E1241F1AABA100F3A2D4 /* Frameworks */ = {
			isa = PBXFrameworksBuildPhase;
			buildActionMask = 2147483647;
			files = (
			);
			runOnlyForDeploymentPostprocessing = 0;
		};
/* End PBXFrameworksBuildPhase section */

/* Begin PBXGroup section */
		31A6E0FF1F1AABA100F3A2D4 = {
			isa = PBXGroup;
			children = (
				31A6E10A1F1AABA100F3A2D4 /* Quiz */,
				31A6E11F1F1AABA100F3A2D4 /* QuizTests */,
				31A6E12A1F1AABA100F3A2D4 /* QuizUITests */,
				31A6E1091F1AABA100F3A2D4 /* Products */,
			);
			sourceTree = "<group>";
		};
		31A6E1091F1AABA100F3A2D4 /* Products */ = {
			isa = PBXGroup;
			children = (
				31A6E1081F1AABA100F3A2D4 /* Quiz.app */,
				31A6E11C1F1AABA100F3A2D4 /* QuizTests.xctest */,
				31A6E1271F1AABA100F3A2D4 /* QuizUITests.xctest */,
			);
			name = Products;
			sourceTree = "<group>";
		};
		31A6E10A1F1AABA100F3A2D4 /* Quiz */ = {
			isa = PBXGroup;
			children = (
				31A6E10B1F1AABA100F3A2D4 /* AppDelegate.swift */,
				31A6E10D1F1AABA100F3A2D4 /* ViewController.swift */,
				31A6E10F1F1AABA100F3A2D4 /* Main.storyboard */,
				31A6E1121F1AABA100F3A2D4 /* Assets.xcassets */,
				31A6E1141F1AABA100F3A2D4 /* LaunchScreen.storyboard */,
				31A6E1171F1AABA100F3A2D4 /* Info.plist */,
			);
			path = Quiz;
			sourceTree = "<group>";
		};
		31A6E11F1F1AABA100F3A2D4 /* QuizTests */ = {
			isa = PBXGroup;
			children = (
				31A6E1201F1AABA100F3A2D4 /* QuizTests.swift */,
				31A6E1221F1AABA100F3A2D4 /* Info.plist */,
			);
			path = QuizTests;
			sourceTree = "<group>";
		};
		31A6E12A1F1AABA100F3A2D4 /* QuizUITests */ = {
			isa = PBXGroup;
			children = (
				31A6E12B1F1AABA100F3A2D4 /* QuizUITests.swift */,
				31A6E12D1F1AABA100F3A2D4 /* Info.plist */,
			);
			path = QuizUITests;
			sourceTree = "<group>";
		};
/* End PBXGroup section */

/* Begin PBXNativeTarget section */
		31A6E1071F1AABA100F3A2D4 /* Quiz */ = {
			isa = PBXNativeTarget;
			buildConfigurationList = 31A6E1301F1AABA100F3A2D4 /* Build configuration list for PBXNativeTarget "Quiz" */;
			buildPhases = (
				31A6E1041F1AABA100F3A2D4 /* Sources */,
				31A6E1051F1AABA100F3A2D4 /* Frameworks */,
				31A6E1061F1AABA100F3A2D4 /* Resources */,
			);
			buildRules = (
			);
			dependencies = (
			);
			name = Quiz;
			productName = Quiz;
			productReference = 31A6E1081F1AABA100F3A2D4 /* Quiz.app */;
			productType = "com.apple.product-type.application";
		};
		31A6E11B1F1AABA100F3A2D4 /* QuizTests */ = {
			isa = PBXNativeTarget;
			buildConfigurationList = 31A6E1331F1AABA100F3A2D4 /* Build configuration list for PBXNativeTarget "QuizTests" */;
			buildPhases = (
				31A6E1181F1AABA100F3A2D4 /* Sources */,
				31A6E1191F1AABA100F3A2D4 /* Frameworks */,
				31A6E11A1F1AABA100F3A2D4 /* Resources */,
			);
			buildRules = (
			);
			dependencies = (
				31A6E11E1F1AABA100F3A2D4 /* PBXTargetDependency */,
			);
			name = QuizTests;
			productName = QuizTests;
			productReference = 31A6E11C1F1AABA100F3A2D4 /* QuizTests.xctest */;
			productType = "com.apple.product-type.bundle.unit-test";
		};
		31A6E1261F1AABA100F3A2D4 /* QuizUITests */ = {
			isa = PBXNativeTarget;
			buildConfigurationList = 31A6E1361F1AABA100F3A2D4 /* Build configuration list for PBXNativeTarget "QuizUITests" */;
			buildPhases = (
				31A6E1231F1AABA100F3A2D4 /* Sources */,
				31A6E1241F1AABA100F3A2D4 /* Frameworks */,
				31A6E1251F1AABA100F3A2D4 /* Resources */,
			);
			buildRules = (
			);
			dependencies = (
				31A6E1291F1AABA100F3A2D4 /* PBXTargetDependency */,
			);
			name = QuizUITests;
			productName = QuizUITests;
			productReference = 31A6E1271F1AABA100F3A2D4 /* QuizUITests.xctest */;
			productType = "com.apple.product-type.bundle.ui-testing";
		};
/* End PBXNativeTarget section */

/* Begin PBXProject section */
		31A6E1001F1AABA100F3A2D4 /* Project object */ = {
			isa = PBXProject;
			attributes = {
				LastSwiftUpdateCheck = 0830;
				LastUpgradeCheck = 0830;
				ORGANIZATIONNAME = mlgrier;
				TargetAttributes = {
					31A6E1071F1AABA100F3A2D4 = {
						CreatedOnToolsVersion = 8.3.3;
						DevelopmentTeam = 9T68PQF9U8;
						ProvisioningStyle = Automatic;
					};
					31A6E11B1F1AABA100F3A2D4 = {
						CreatedOnToolsVersion = 8.3.3;
						DevelopmentTeam = 9T68PQF9U8;
						ProvisioningStyle = Automatic;
						TestTargetID = 31A6E1071F1AABA100F3A2D4;
					};
					31A6E1261F1AABA100F3A2D4 = {
						CreatedOnToolsVersion = 8.3.3;
						DevelopmentTeam = 9T68PQF9U8;
						ProvisioningStyle = Automatic;
						TestTargetID = 31A6E1071F1AABA100F3A2D4;
					};
				};
			};
			buildConfigurationList = 31A6E1031F1AABA100F3A2D4 /* Build configuration list for PBXProject "Quiz" */;
			compatibilityVersion = "Xcode 3.2";
			developmentRegion = English;
			hasScannedForEncodings = 0;
			knownRegions = (
				en,
				Base,
			);
			mainGroup = 31A6E0FF1F1AABA100F3A2D4;
			productRefGroup = 31A6E1091F1AABA100F3A2D4 /* Products */;
			projectDirPath = "";
			projectRoot = "";
			targets = (
				31A6E1071F1AABA100F3A2D4 /* Quiz */,
				31A6E11B1F1AABA100F3A2D4 /* QuizTests */,
				31A6E1261F1AABA100F3A2D4 /* QuizUITests */,
			);
		};
/* End PBXProject section */

/* Begin PBXResourcesBuildPhase section */
		31A6E1061F1AABA100F3A2D4 /* Resources */ = {
			isa = PBXResourcesBuildPhase;
			buildActionMask = 2147483647;
			files = (
				31A6E1161F1AABA100F3A2D4 /* LaunchScreen.storyboard in Resources */,
				31A6E1131F1AABA100F3A2D4 /* Assets.xcassets in Resources */,
				31A6E1111F1AABA100F3A2D4 /* Main.storyboard in Resources */,
			);
			runOnlyForDeploymentPostprocessing = 0;
		};
		31A6E11A1F1AABA100F3A2D4 /* Resources */ = {
			isa = PBXResourcesBuildPhase;
			buildActionMask = 2147483647;
			files = (
			);
			runOnlyForDeploymentPostprocessing = 0;
		};
		31A6E1251F1AABA100F3A2D4 /* Resources */ = {
			isa = PBXResourcesBuildPhase;
			buildActionMask = 2147483647;
			files = (
			);
			runOnlyForDeploymentPostprocessing = 0;
		};
/* End PBXResourcesBuildPhase section */

/* Begin PBXSourcesBuildPhase section */
		31A6E1041F1AABA100F3A2D4 /* Sources */ = {
			isa = PBXSourcesBuildPhase;
			buildActionMask = 2147483647;
			files = (
				31A6E10E1F1AABA100F3A2D4 /* ViewController.swift in Sources */,
				31A6E10C1F1AABA100F3A2D4 /* AppDelegate.swift in Sources */,
			);
			runOnlyForDeploymentPostprocessing = 0;
		};
		31A6E1181F1AABA100F3A2D4 /* Sources */ = {
			isa = PBXSourcesBuildPhase;
			buildActionMask = 2147483647;
			files = (
				31A6E1211F1AABA100F3A2D4 /* QuizTests.swift in Sources */,
			);
			runOnlyForDeploymentPostprocessing = 0;
		};
		31A6E1231F1AABA100F3A2D4 /* Sources */ = {
			isa = PBXSourcesBuildPhase;
			buildActionMask = 2147483647;
			files = (
				31A6E12C1F1AABA100F3A2D4 /* QuizUITests.swift in Sources */,
			);
			runOnlyForDeploymentPostprocessing = 0;
		};
/* End PBXSourcesBuildPhase section */

/* Begin PBXTargetDependency section */
		31A6E11E1F1AABA100F3A2D4 /* PBXTargetDependency */ = {
			isa = PBXTargetDependency;
			target = 31A6E1071F1AABA100F3A2D4 /* Quiz */;
			targetProxy = 31A6E11D1F1AABA100F3A2D4 /* PBXContainerItemProxy */;
		};
		31A6E1291F1AABA100F3A2D4 /* PBXTargetDependency */ = {
			isa = PBXTargetDependency;
			target = 31A6E1071F1AABA100F3A2D4 /* Quiz */;
			targetProxy = 31A6E1281F1AABA100F3A2D4 /* PBXContainerItemProxy */;
		};
/* End PBXTargetDependency section */

/* Begin PBXVariantGroup section */
		31A6E10F1F1AABA100F3A2D4 /* Main.storyboard */ = {
			isa = PBXVariantGroup;
			children = (
				31A6E1101F1AABA100F3A2D4 /* Base */,
			);
			name = Main.storyboard;
			sourceTree = "<group>";
		};
		31A6E1141F1AABA100F3A2D4 /* LaunchScreen.storyboard */ = {
			isa = PBXVariantGroup;
			children = (
				31A6E1151F1AABA100F3A2D4 /* Base */,
			);
			name = LaunchScreen.storyboard;
			sourceTree = "<group>";
		};
/* End PBXVariantGroup section */

/* Begin XCBuildConfiguration section */
		31A6E12E1F1AABA100F3A2D4 /* Debug */ = {
			isa = XCBuildConfiguration;
			buildSettings = {
				ALWAYS_SEARCH_USER_PATHS = NO;
				CLANG_ANALYZER_NONNULL = YES;
				CLANG_ANALYZER_NUMBER_OBJECT_CONVERSION = YES_AGGRESSIVE;
				CLANG_CXX_LANGUAGE_STANDARD = "gnu++0x";
				CLANG_CXX_LIBRARY = "libc++";
				CLANG_ENABLE_MODULES = YES;
				CLANG_ENABLE_OBJC_ARC = YES;
				CLANG_WARN_BOOL_CONVERSION = YES;
				CLANG_WARN_CONSTANT_CONVERSION = YES;
				CLANG_WARN_DIRECT_OBJC_ISA_USAGE = YES_ERROR;
				CLANG_WARN_DOCUMENTATION_COMMENTS = YES;
				CLANG_WARN_EMPTY_BODY = YES;
				CLANG_WARN_ENUM_CONVERSION = YES;
				CLANG_WARN_INFINITE_RECURSION = YES;
				CLANG_WARN_INT_CONVERSION = YES;
				CLANG_WARN_OBJC_ROOT_CLASS = YES_ERROR;
				CLANG_WARN_SUSPICIOUS_MOVE = YES;
				CLANG_WARN_UNREACHABLE_CODE = YES;
				CLANG_WARN__DUPLICATE_METHOD_MATCH = YES;
				"CODE_SIGN_IDENTITY[sdk=iphoneos*]" = "iPhone Developer";
				COPY_PHASE_STRIP = NO;
				DEBUG_INFORMATION_FORMAT = dwarf;
				ENABLE_STRICT_OBJC_MSGSEND = YES;
				ENABLE_TESTABILITY = YES;
				GCC_C_LANGUAGE_STANDARD = gnu99;
				GCC_DYNAMIC_NO_PIC = NO;
				GCC_NO_COMMON_BLOCKS = YES;
				GCC_OPTIMIZATION_LEVEL = 0;
				GCC_PREPROCESSOR_DEFINITIONS = (
					"DEBUG=1",
					"$(inherited)",
				);
				GCC_WARN_64_TO_32_BIT_CONVERSION = YES;
				GCC_WARN_ABOUT_RETURN_TYPE = YES_ERROR;
				GCC_WARN_UNDECLARED_SELECTOR = YES;
				GCC_WARN_UNINITIALIZED_AUTOS = YES_AGGRESSIVE;
				GCC_WARN_UNUSED_FUNCTION = YES;
				GCC_WARN_UNUSED_VARIABLE = YES;
				IPHONEOS_DEPLOYMENT_TARGET = 10.3;
				MTL_ENABLE_DEBUG_INFO = YES;
				ONLY_ACTIVE_ARCH = YES;
				SDKROOT = iphoneos;
				SWIFT_ACTIVE_COMPILATION_CONDITIONS = DEBUG;
				SWIFT_OPTIMIZATION_LEVEL = "-Onone";
				TARGETED_DEVICE_FAMILY = "1,2";
			};
			name = Debug;
		};
		31A6E12F1F1AABA100F3A2D4 /* Release */ = {
			isa = XCBuildConfiguration;
			buildSettings = {
				ALWAYS_SEARCH_USER_PATHS = NO;
				CLANG_ANALYZER_NONNULL = YES;
				CLANG_ANALYZER_NUMBER_OBJECT_CONVERSION = YES_AGGRESSIVE;
				CLANG_CXX_LANGUAGE_STANDARD = "gnu++0x";
				CLANG_CXX_LIBRARY = "libc++";
				CLANG_ENABLE_MODULES = YES;
				CLANG_ENABLE_OBJC_ARC = YES;
				CLANG_WARN_BOOL_CONVERSION = YES;
				CLANG_WARN_CONSTANT_CONVERSION = YES;
				CLANG_WARN_DIRECT_OBJC_ISA_USAGE = YES_ERROR;
				CLANG_WARN_DOCUMENTATION_COMMENTS = YES;
				CLANG_WARN_EMPTY_BODY = YES;
				CLANG_WARN_ENUM_CONVERSION = YES;
				CLANG_WARN_INFINITE_RECURSION = YES;
				CLANG_WARN_INT_CONVERSION = YES;
				CLANG_WARN_OBJC_ROOT_CLASS = YES_ERROR;
				CLANG_WARN_SUSPICIOUS_MOVE = YES;
				CLANG_WARN_UNREACHABLE_CODE = YES;
				CLANG_WARN__DUPLICATE_METHOD_MATCH = YES;
				"CODE_SIGN_IDENTITY[sdk=iphoneos*]" = "iPhone Developer";
				COPY_PHASE_STRIP = NO;
				DEBUG_INFORMATION_FORMAT = "dwarf-with-dsym";
				ENABLE_NS_ASSERTIONS = NO;
				ENABLE_STRICT_OBJC_MSGSEND = YES;
				GCC_C_LANGUAGE_STANDARD = gnu99;
				GCC_NO_COMMON_BLOCKS = YES;
				GCC_WARN_64_TO_32_BIT_CONVERSION = YES;
				GCC_WARN_ABOUT_RETURN_TYPE = YES_ERROR;
				GCC_WARN_UNDECLARED_SELECTOR = YES;
				GCC_WARN_UNINITIALIZED_AUTOS = YES_AGGRESSIVE;
				GCC_WARN_UNUSED_FUNCTION = YES;
				GCC_WARN_UNUSED_VARIABLE = YES;
				IPHONEOS_DEPLOYMENT_TARGET = 10.3;
				MTL_ENABLE_DEBUG_INFO = NO;
				SDKROOT = iphoneos;
				SWIFT_OPTIMIZATION_LEVEL = "-Owholemodule";
				TARGETED_DEVICE_FAMILY = "1,2";
				VALIDATE_PRODUCT = YES;
			};
			name = Release;
		};
		31A6E1311F1AABA100F3A2D4 /* Debug */ = {
			isa = XCBuildConfiguration;
			buildSettings = {
				ASSETCATALOG_COMPILER_APPICON_NAME = AppIcon;
				DEVELOPMENT_TEAM = 9T68PQF9U8;
				INFOPLIST_FILE = Quiz/Info.plist;
				LD_RUNPATH_SEARCH_PATHS = "$(inherited) @executable_path/Frameworks";
				PRODUCT_BUNDLE_IDENTIFIER = com.mlgrier.Quiz;
				PRODUCT_NAME = "$(TARGET_NAME)";
				SWIFT_VERSION = 3.0;
			};
			name = Debug;
		};
		31A6E1321F1AABA100F3A2D4 /* Release */ = {
			isa = XCBuildConfiguration;
			buildSettings = {
				ASSETCATALOG_COMPILER_APPICON_NAME = AppIcon;
				DEVELOPMENT_TEAM = 9T68PQF9U8;
				INFOPLIST_FILE = Quiz/Info.plist;
				LD_RUNPATH_SEARCH_PATHS = "$(inherited) @executable_path/Frameworks";
				PRODUCT_BUNDLE_IDENTIFIER = com.mlgrier.Quiz;
				PRODUCT_NAME = "$(TARGET_NAME)";
				SWIFT_VERSION = 3.0;
			};
			name = Release;
		};
		31A6E1341F1AABA100F3A2D4 /* Debug */ = {
			isa = XCBuildConfiguration;
			buildSettings = {
				ALWAYS_EMBED_SWIFT_STANDARD_LIBRARIES = YES;
				BUNDLE_LOADER = "$(TEST_HOST)";
				DEVELOPMENT_TEAM = 9T68PQF9U8;
				INFOPLIST_FILE = QuizTests/Info.plist;
				LD_RUNPATH_SEARCH_PATHS = "$(inherited) @executable_path/Frameworks @loader_path/Frameworks";
				PRODUCT_BUNDLE_IDENTIFIER = com.mlgrier.QuizTests;
				PRODUCT_NAME = "$(TARGET_NAME)";
				SWIFT_VERSION = 3.0;
				TEST_HOST = "$(BUILT_PRODUCTS_DIR)/Quiz.app/Quiz";
			};
			name = Debug;
		};
		31A6E1351F1AABA100F3A2D4 /* Release */ = {
			isa = XCBuildConfiguration;
			buildSettings = {
				ALWAYS_EMBED_SWIFT_STANDARD_LIBRARIES = YES;
				BUNDLE_LOADER = "$(TEST_HOST)";
				DEVELOPMENT_TEAM = 9T68PQF9U8;
				INFOPLIST_FILE = QuizTests/Info.plist;
				LD_RUNPATH_SEARCH_PATHS = "$(inherited) @executable_path/Frameworks @loader_path/Frameworks";
				PRODUCT_BUNDLE_IDENTIFIER = com.mlgrier.QuizTests;
				PRODUCT_NAME = "$(TARGET_NAME)";
				SWIFT_VERSION = 3.0;
				TEST_HOST = "$(BUILT_PRODUCTS_DIR)/Quiz.app/Quiz";
			};
			name = Release;
		};
		31A6E1371F1AABA100F3A2D4 /* Debug */ = {
			isa = XCBuildConfiguration;
			buildSettings = {
				ALWAYS_EMBED_SWIFT_STANDARD_LIBRARIES = YES;
				DEVELOPMENT_TEAM = 9T68PQF9U8;
				INFOPLIST_FILE = QuizUITests/Info.plist;
				LD_RUNPATH_SEARCH_PATHS = "$(inherited) @executable_path/Frameworks @loader_path/Frameworks";
				PRODUCT_BUNDLE_IDENTIFIER = com.mlgrier.QuizUITests;
				PRODUCT_NAME = "$(TARGET_NAME)";
				SWIFT_VERSION = 3.0;
				TEST_TARGET_NAME = Quiz;
			};
			name = Debug;
		};
		31A6E1381F1AABA100F3A2D4 /* Release */ = {
			isa = XCBuildConfiguration;
			buildSettings = {
				ALWAYS_EMBED_SWIFT_STANDARD_LIBRARIES = YES;
				DEVELOPMENT_TEAM = 9T68PQF9U8;
				INFOPLIST_FILE = QuizUITests/Info.plist;
				LD_RUNPATH_SEARCH_PATHS = "$(inherited) @executable_path/Frameworks @loader_path/Frameworks";
				PRODUCT_BUNDLE_IDENTIFIER = com.mlgrier.QuizUITests;
				PRODUCT_NAME = "$(TARGET_NAME)";
				SWIFT_VERSION = 3.0;
				TEST_TARGET_NAME = Quiz;
			};
			name = Release;
		};
/* End XCBuildConfiguration section */

/* Begin XCConfigurationList section */
		31A6E1031F1AABA100F3A2D4 /* Build configuration list for PBXProject "Quiz" */ = {
			isa = XCConfigurationList;
			buildConfigurations = (
				31A6E12E1F1AABA100F3A2D4 /* Debug */,
				31A6E12F1F1AABA100F3A2D4 /* Release */,
			);
			defaultConfigurationIsVisible = 0;
			defaultConfigurationName = Release;
		};
		31A6E1301F1AABA100F3A2D4 /* Build configuration list for PBXNativeTarget "Quiz" */ = {
			isa = XCConfigurationList;
			buildConfigurations = (
				31A6E1311F1AABA100F3A2D4 /* Debug */,
				31A6E1321F1AABA100F3A2D4 /* Release */,
			);
			defaultConfigurationIsVisible = 0;
		};
		31A6E1331F1AABA100F3A2D4 /* Build configuration list for PBXNativeTarget "QuizTests" */ = {
			isa = XCConfigurationList;
			buildConfigurations = (
				31A6E1341F1AABA100F3A2D4 /* Debug */,
				31A6E1351F1AABA100F3A2D4 /* Release */,
			);
			defaultConfigurationIsVisible = 0;
		};
		31A6E1361F1AABA100F3A2D4 /* Build configuration list for PBXNativeTarget "QuizUITests" */ = {
			isa = XCConfigurationList;
			buildConfigurations = (
				31A6E1371F1AABA100F3A2D4 /* Debug */,
				31A6E1381F1AABA100F3A2D4 /* Release */,
			);
			defaultConfigurationIsVisible = 0;
		};
/* End XCConfigurationList section */
	};
	rootObject = 31A6E1001F1AABA100F3A2D4 /* Project object */;
}
